// !$*UTF8*$!
{
	archiveVersion = 1;
	classes = {
	};
	objectVersion = 54;
	objects = {

/* Begin PBXBuildFile section */
		00E356F31AD99517003FC87E /* readyUmbrellaTests.m in Sources */ = {isa = PBXBuildFile; fileRef = 00E356F21AD99517003FC87E /* readyUmbrellaTests.m */; };
		026C4F9B9FBA45EAB0834D23 /* Pretendard-Bold.ttf in Resources */ = {isa = PBXBuildFile; fileRef = 911BE3DC8F5B4CBCA129252B /* Pretendard-Bold.ttf */; };
		0426C6F4DDD5451880D537C2 /* Pretendard-Regular.ttf in Resources */ = {isa = PBXBuildFile; fileRef = B17FFA0525E6460CA8D9E211 /* Pretendard-Regular.ttf */; };
		0CD8B9AA0E494E588862DBCA /* Pretendard-SemiBold.ttf in Resources */ = {isa = PBXBuildFile; fileRef = 36380F4B60B2475DB7950495 /* Pretendard-SemiBold.ttf */; };
		13B07FBC1A68108700A75B9A /* AppDelegate.mm in Sources */ = {isa = PBXBuildFile; fileRef = 13B07FB01A68108700A75B9A /* AppDelegate.mm */; };
		13B07FBF1A68108700A75B9A /* Images.xcassets in Resources */ = {isa = PBXBuildFile; fileRef = 13B07FB51A68108700A75B9A /* Images.xcassets */; };
		13B07FC11A68108700A75B9A /* main.m in Sources */ = {isa = PBXBuildFile; fileRef = 13B07FB71A68108700A75B9A /* main.m */; };
		73FA5A87444F73CB2664D1E4 /* Pods_readyUmbrella_readyUmbrellaTests.framework in Frameworks */ = {isa = PBXBuildFile; fileRef = 0045CA98911DC726063FCAB6 /* Pods_readyUmbrella_readyUmbrellaTests.framework */; };
		766E112E2A87647200165CBB /* libz.tbd in Frameworks */ = {isa = PBXBuildFile; fileRef = 766E112D2A87647200165CBB /* libz.tbd */; };
		767BA4A42AA6406F00519CFC /* GoogleService-Info.plist in Resources */ = {isa = PBXBuildFile; fileRef = 767BA4A32AA6406F00519CFC /* GoogleService-Info.plist */; };
		81AB9BB82411601600AC10FF /* LaunchScreen.storyboard in Resources */ = {isa = PBXBuildFile; fileRef = 81AB9BB72411601600AC10FF /* LaunchScreen.storyboard */; };
		B05D920BF8FE4650A83826CC /* Pretendard-ExtraBold.ttf in Resources */ = {isa = PBXBuildFile; fileRef = 8489E8543ED544C591DC6DFB /* Pretendard-ExtraBold.ttf */; };
		C38BDF5A4FD9BF0648B9CC75 /* Pods_readyUmbrella.framework in Frameworks */ = {isa = PBXBuildFile; fileRef = 738E953EA807C010B308A872 /* Pods_readyUmbrella.framework */; };
		534A30A4DD554B5297234A62 /* icon-arrow.png in Resources */ = {isa = PBXBuildFile; fileRef = 68F05930E66A40D694B3C86A /* icon-arrow.png */; };
		1321BCF366FB47C0B79763F7 /* icon-arrow@2x.png in Resources */ = {isa = PBXBuildFile; fileRef = E75483CC37FC42208BD93882 /* icon-arrow@2x.png */; };
		D761F05B117C44CA916AF08F /* icon-arrow@3x.png in Resources */ = {isa = PBXBuildFile; fileRef = 7B79218809484F96B3991E9C /* icon-arrow@3x.png */; };
		B5F51C0A157E4E3BAD4D36A3 /* icon-close.png in Resources */ = {isa = PBXBuildFile; fileRef = 7C21350907AF4599B47111F1 /* icon-close.png */; };
		BF8C410CBCD94283A94D30D1 /* icon-close@2x.png in Resources */ = {isa = PBXBuildFile; fileRef = BCF9A65A5FE04B74BC67F6FF /* icon-close@2x.png */; };
		595707F0FED448868FF16CCC /* icon-close@3x.png in Resources */ = {isa = PBXBuildFile; fileRef = 5023C9474BF948A9A83A740E /* icon-close@3x.png */; };
		6D77391F580242DC912779EB /* icon-day-gray.png in Resources */ = {isa = PBXBuildFile; fileRef = DEE9C433731A430FB76684CB /* icon-day-gray.png */; };
		3BA78DD82EA2497E8592B679 /* icon-day-gray@2x.png in Resources */ = {isa = PBXBuildFile; fileRef = 9DE63434EF064850828C83B2 /* icon-day-gray@2x.png */; };
		38EBEF723F684ECC8330B4D9 /* icon-day-gray@3x.png in Resources */ = {isa = PBXBuildFile; fileRef = 37EE76B0AA03407FAE7DAC4C /* icon-day-gray@3x.png */; };
		257959DBCF0C4CBE8A2321D7 /* icon-day-night-gray.png in Resources */ = {isa = PBXBuildFile; fileRef = 6DD10F806AB848CD91953DE7 /* icon-day-night-gray.png */; };
		40F5192532164BE98B7015F9 /* icon-day-night-gray@2x.png in Resources */ = {isa = PBXBuildFile; fileRef = 9AB1E8A73846460DA0B3BE3C /* icon-day-night-gray@2x.png */; };
		36041166983F4836B0D68115 /* icon-day-night-gray@3x.png in Resources */ = {isa = PBXBuildFile; fileRef = 69884BE6439043EABF7DEEA6 /* icon-day-night-gray@3x.png */; };
		2500455872DD4A879167988A /* icon-day-night.png in Resources */ = {isa = PBXBuildFile; fileRef = 40772317FA8044EBAB0FFF23 /* icon-day-night.png */; };
		D1FF7B743ACF40288FA082CD /* icon-day-night@2x.png in Resources */ = {isa = PBXBuildFile; fileRef = 4A6A2CED0CCE41BBAE50E25B /* icon-day-night@2x.png */; };
		2637D4D57E66470C8992F720 /* icon-day-night@3x.png in Resources */ = {isa = PBXBuildFile; fileRef = 7A0BFF1050DC4CF39697B9F5 /* icon-day-night@3x.png */; };
		311C60227E564302AC826EA6 /* icon-day.png in Resources */ = {isa = PBXBuildFile; fileRef = 152D5C80818B4F438EAA8A80 /* icon-day.png */; };
		C95EF95F57C04CE99FF12A44 /* icon-day@2x.png in Resources */ = {isa = PBXBuildFile; fileRef = A3A5BB361A1C492EAA37A802 /* icon-day@2x.png */; };
		A729B27FDD464A3B822B0164 /* icon-day@3x.png in Resources */ = {isa = PBXBuildFile; fileRef = 689CA07195F14475ACBD2C96 /* icon-day@3x.png */; };
		6106A6FF13594A14B2F1023B /* icon-info.png in Resources */ = {isa = PBXBuildFile; fileRef = 4F92974DDF764B67B8C1FF85 /* icon-info.png */; };
		4F7750D8ED97444FA61EB3C2 /* icon-info@2x.png in Resources */ = {isa = PBXBuildFile; fileRef = 9DD48E780C4648F8BEE58AD7 /* icon-info@2x.png */; };
		0D54DAFD37DA44CF811A41A6 /* icon-info@3x.png in Resources */ = {isa = PBXBuildFile; fileRef = DB979BF104A54AAAA6B5E08C /* icon-info@3x.png */; };
		F1218439F95C45D48F95BF8D /* icon-minus.png in Resources */ = {isa = PBXBuildFile; fileRef = D66C7DC239C841F3A41BAA23 /* icon-minus.png */; };
		36A33F0D38C8432AAA3CC3AC /* icon-minus@2x.png in Resources */ = {isa = PBXBuildFile; fileRef = 2BCEC2C3F80743BEB5FFEF4F /* icon-minus@2x.png */; };
		AE6A6B51125C458F95850A91 /* icon-minus@3x.png in Resources */ = {isa = PBXBuildFile; fileRef = 0752890F78D041A992E9E2F7 /* icon-minus@3x.png */; };
		EE5D22395D30426084822A75 /* icon-night-gray.png in Resources */ = {isa = PBXBuildFile; fileRef = 9CFC32C3113642A78617A3A4 /* icon-night-gray.png */; };
		09D00EF77A954343AC1B8DD9 /* icon-night-gray@2x.png in Resources */ = {isa = PBXBuildFile; fileRef = F6E595E0E94F436AACD02834 /* icon-night-gray@2x.png */; };
		658A54B38B6144E08F461CE8 /* icon-night-gray@3x.png in Resources */ = {isa = PBXBuildFile; fileRef = 201C878F7D2745B392F93C76 /* icon-night-gray@3x.png */; };
		2F55C70441BE40A2A1CFECFD /* icon-night.png in Resources */ = {isa = PBXBuildFile; fileRef = 203C89D5ED8E443D98CA47DD /* icon-night.png */; };
		FCA7B342DF694748AB3CAEA0 /* icon-night@2x.png in Resources */ = {isa = PBXBuildFile; fileRef = BCC43619B2D24A68B11515FE /* icon-night@2x.png */; };
		A2BC874EC13B4FDB82A26891 /* icon-night@3x.png in Resources */ = {isa = PBXBuildFile; fileRef = 25C4B64113D4432BBA026098 /* icon-night@3x.png */; };
		825C53407E6E43C4A2BD48E9 /* icon-plus.png in Resources */ = {isa = PBXBuildFile; fileRef = 90E6EB6D36B9479A846DD6B9 /* icon-plus.png */; };
		64C54350FEB7424C80BF3848 /* icon-plus@2x.png in Resources */ = {isa = PBXBuildFile; fileRef = 400760FB800C43E58348EE3F /* icon-plus@2x.png */; };
		2E80BD0B079F4564B7D636D4 /* icon-plus@3x.png in Resources */ = {isa = PBXBuildFile; fileRef = E8FC27A5C0204E37BD3DDD10 /* icon-plus@3x.png */; };
		3E32FFF2A9D44DDAAA77C9AB /* icon-setting.png in Resources */ = {isa = PBXBuildFile; fileRef = 018346A393B1427AB57DCAC4 /* icon-setting.png */; };
		DB0E37A4715F4BF8B15E693D /* icon-setting@2x.png in Resources */ = {isa = PBXBuildFile; fileRef = E9C3A61026F84805B7243269 /* icon-setting@2x.png */; };
		5DF40752A5B6422C9C5B7E52 /* icon-setting@3x.png in Resources */ = {isa = PBXBuildFile; fileRef = ADE7D2E3951541B498438E38 /* icon-setting@3x.png */; };
		41F8ABEE4D0642038EAD1E2B /* icon-umbrella-disabled.png in Resources */ = {isa = PBXBuildFile; fileRef = 59BAF229F3E34A278A4A1272 /* icon-umbrella-disabled.png */; };
		1F30E940A9D0474690084C43 /* icon-umbrella-disabled@2x.png in Resources */ = {isa = PBXBuildFile; fileRef = D3E37CC218204604BAEE6172 /* icon-umbrella-disabled@2x.png */; };
		FFE3EB2208F84DD0B65A0F11 /* icon-umbrella-disabled@3x.png in Resources */ = {isa = PBXBuildFile; fileRef = A27B21D7BB8146B396E748DB /* icon-umbrella-disabled@3x.png */; };
		DA2DF04F21A749458227B1B9 /* icon-umbrella-enabled.png in Resources */ = {isa = PBXBuildFile; fileRef = EE5CE5B8908C453694EC4199 /* icon-umbrella-enabled.png */; };
		AE3F168ADAA249C79F45B1CF /* icon-umbrella-enabled@2x.png in Resources */ = {isa = PBXBuildFile; fileRef = 31173FAAF311432B9DF64AB7 /* icon-umbrella-enabled@2x.png */; };
		583AAE9D244C47C39CBB84A3 /* icon-umbrella-enabled@3x.png in Resources */ = {isa = PBXBuildFile; fileRef = E83BA8AD311B441587EA301A /* icon-umbrella-enabled@3x.png */; };
		0813E8DCA1F844B89A7298DF /* umbrella.png in Resources */ = {isa = PBXBuildFile; fileRef = 0B50310F60BC43D58C2611ED /* umbrella.png */; };
		DBA4A91B47C44798A00DB06C /* umbrella@2x.png in Resources */ = {isa = PBXBuildFile; fileRef = AC4A562013894AE29FA57FCA /* umbrella@2x.png */; };
		8CC0FBAD5CFC469DAE436171 /* umbrella@3x.png in Resources */ = {isa = PBXBuildFile; fileRef = 300FBFAA959346348BF87763 /* umbrella@3x.png */; };
/* End PBXBuildFile section */

/* Begin PBXContainerItemProxy section */
		00E356F41AD99517003FC87E /* PBXContainerItemProxy */ = {
			isa = PBXContainerItemProxy;
			containerPortal = 83CBB9F71A601CBA00E9B192 /* Project object */;
			proxyType = 1;
			remoteGlobalIDString = 13B07F861A680F5B00A75B9A;
			remoteInfo = readyUmbrella;
		};
/* End PBXContainerItemProxy section */

/* Begin PBXFileReference section */
		0045CA98911DC726063FCAB6 /* Pods_readyUmbrella_readyUmbrellaTests.framework */ = {isa = PBXFileReference; explicitFileType = wrapper.framework; includeInIndex = 0; path = Pods_readyUmbrella_readyUmbrellaTests.framework; sourceTree = BUILT_PRODUCTS_DIR; };
		00E356EE1AD99517003FC87E /* readyUmbrellaTests.xctest */ = {isa = PBXFileReference; explicitFileType = wrapper.cfbundle; includeInIndex = 0; path = readyUmbrellaTests.xctest; sourceTree = BUILT_PRODUCTS_DIR; };
		00E356F11AD99517003FC87E /* Info.plist */ = {isa = PBXFileReference; lastKnownFileType = text.plist.xml; path = Info.plist; sourceTree = "<group>"; };
		00E356F21AD99517003FC87E /* readyUmbrellaTests.m */ = {isa = PBXFileReference; lastKnownFileType = sourcecode.c.objc; path = readyUmbrellaTests.m; sourceTree = "<group>"; };
		13B07F961A680F5B00A75B9A /* readyUmbrella.app */ = {isa = PBXFileReference; explicitFileType = wrapper.application; includeInIndex = 0; path = readyUmbrella.app; sourceTree = BUILT_PRODUCTS_DIR; };
		13B07FAF1A68108700A75B9A /* AppDelegate.h */ = {isa = PBXFileReference; fileEncoding = 4; lastKnownFileType = sourcecode.c.h; name = AppDelegate.h; path = readyUmbrella/AppDelegate.h; sourceTree = "<group>"; };
		13B07FB01A68108700A75B9A /* AppDelegate.mm */ = {isa = PBXFileReference; fileEncoding = 4; lastKnownFileType = sourcecode.cpp.objcpp; name = AppDelegate.mm; path = readyUmbrella/AppDelegate.mm; sourceTree = "<group>"; };
		13B07FB51A68108700A75B9A /* Images.xcassets */ = {isa = PBXFileReference; lastKnownFileType = folder.assetcatalog; name = Images.xcassets; path = readyUmbrella/Images.xcassets; sourceTree = "<group>"; };
		13B07FB61A68108700A75B9A /* Info.plist */ = {isa = PBXFileReference; fileEncoding = 4; lastKnownFileType = text.plist.xml; name = Info.plist; path = readyUmbrella/Info.plist; sourceTree = "<group>"; };
		13B07FB71A68108700A75B9A /* main.m */ = {isa = PBXFileReference; fileEncoding = 4; lastKnownFileType = sourcecode.c.objc; name = main.m; path = readyUmbrella/main.m; sourceTree = "<group>"; };
		36380F4B60B2475DB7950495 /* Pretendard-SemiBold.ttf */ = {isa = PBXFileReference; explicitFileType = undefined; fileEncoding = 9; includeInIndex = 0; lastKnownFileType = unknown; name = "Pretendard-SemiBold.ttf"; path = "../assets/fonts/Pretendard-SemiBold.ttf"; sourceTree = "<group>"; };
		3B4392A12AC88292D35C810B /* Pods-readyUmbrella.debug.xcconfig */ = {isa = PBXFileReference; includeInIndex = 1; lastKnownFileType = text.xcconfig; name = "Pods-readyUmbrella.debug.xcconfig"; path = "Target Support Files/Pods-readyUmbrella/Pods-readyUmbrella.debug.xcconfig"; sourceTree = "<group>"; };
		5709B34CF0A7D63546082F79 /* Pods-readyUmbrella.release.xcconfig */ = {isa = PBXFileReference; includeInIndex = 1; lastKnownFileType = text.xcconfig; name = "Pods-readyUmbrella.release.xcconfig"; path = "Target Support Files/Pods-readyUmbrella/Pods-readyUmbrella.release.xcconfig"; sourceTree = "<group>"; };
		5B7EB9410499542E8C5724F5 /* Pods-readyUmbrella-readyUmbrellaTests.debug.xcconfig */ = {isa = PBXFileReference; includeInIndex = 1; lastKnownFileType = text.xcconfig; name = "Pods-readyUmbrella-readyUmbrellaTests.debug.xcconfig"; path = "Target Support Files/Pods-readyUmbrella-readyUmbrellaTests/Pods-readyUmbrella-readyUmbrellaTests.debug.xcconfig"; sourceTree = "<group>"; };
		738E953EA807C010B308A872 /* Pods_readyUmbrella.framework */ = {isa = PBXFileReference; explicitFileType = wrapper.framework; includeInIndex = 0; path = Pods_readyUmbrella.framework; sourceTree = BUILT_PRODUCTS_DIR; };
		7658CA022AA8C62C009F4930 /* readyUmbrella.entitlements */ = {isa = PBXFileReference; lastKnownFileType = text.plist.entitlements; name = readyUmbrella.entitlements; path = readyUmbrella/readyUmbrella.entitlements; sourceTree = "<group>"; };
		766E112D2A87647200165CBB /* libz.tbd */ = {isa = PBXFileReference; lastKnownFileType = "sourcecode.text-based-dylib-definition"; name = libz.tbd; path = usr/lib/libz.tbd; sourceTree = SDKROOT; };
		767BA4A32AA6406F00519CFC /* GoogleService-Info.plist */ = {isa = PBXFileReference; fileEncoding = 4; lastKnownFileType = text.plist.xml; path = "GoogleService-Info.plist"; sourceTree = "<group>"; };
		767BA4A52AA6464600519CFC /* CodePush.framework */ = {isa = PBXFileReference; explicitFileType = wrapper.framework; path = CodePush.framework; sourceTree = BUILT_PRODUCTS_DIR; };
		76A8E5E52A877CAB00466D8E /* libCodePush.a */ = {isa = PBXFileReference; explicitFileType = archive.ar; path = libCodePush.a; sourceTree = BUILT_PRODUCTS_DIR; };
		76A8E5E92A877CC800466D8E /* libCodePush.a */ = {isa = PBXFileReference; explicitFileType = archive.ar; path = libCodePush.a; sourceTree = BUILT_PRODUCTS_DIR; };
		81AB9BB72411601600AC10FF /* LaunchScreen.storyboard */ = {isa = PBXFileReference; fileEncoding = 4; lastKnownFileType = file.storyboard; name = LaunchScreen.storyboard; path = readyUmbrella/LaunchScreen.storyboard; sourceTree = "<group>"; };
		8489E8543ED544C591DC6DFB /* Pretendard-ExtraBold.ttf */ = {isa = PBXFileReference; explicitFileType = undefined; fileEncoding = 9; includeInIndex = 0; lastKnownFileType = unknown; name = "Pretendard-ExtraBold.ttf"; path = "../assets/fonts/Pretendard-ExtraBold.ttf"; sourceTree = "<group>"; };
		89C6BE57DB24E9ADA2F236DE /* Pods-readyUmbrella-readyUmbrellaTests.release.xcconfig */ = {isa = PBXFileReference; includeInIndex = 1; lastKnownFileType = text.xcconfig; name = "Pods-readyUmbrella-readyUmbrellaTests.release.xcconfig"; path = "Target Support Files/Pods-readyUmbrella-readyUmbrellaTests/Pods-readyUmbrella-readyUmbrellaTests.release.xcconfig"; sourceTree = "<group>"; };
		911BE3DC8F5B4CBCA129252B /* Pretendard-Bold.ttf */ = {isa = PBXFileReference; explicitFileType = undefined; fileEncoding = 9; includeInIndex = 0; lastKnownFileType = unknown; name = "Pretendard-Bold.ttf"; path = "../assets/fonts/Pretendard-Bold.ttf"; sourceTree = "<group>"; };
		B17FFA0525E6460CA8D9E211 /* Pretendard-Regular.ttf */ = {isa = PBXFileReference; explicitFileType = undefined; fileEncoding = 9; includeInIndex = 0; lastKnownFileType = unknown; name = "Pretendard-Regular.ttf"; path = "../assets/fonts/Pretendard-Regular.ttf"; sourceTree = "<group>"; };
		ED297162215061F000B7C4FE /* JavaScriptCore.framework */ = {isa = PBXFileReference; lastKnownFileType = wrapper.framework; name = JavaScriptCore.framework; path = System/Library/Frameworks/JavaScriptCore.framework; sourceTree = SDKROOT; };
		68F05930E66A40D694B3C86A /* icon-arrow.png */ = {isa = PBXFileReference; name = "icon-arrow.png"; path = "../assets/icons/icon-arrow.png"; sourceTree = "<group>"; fileEncoding = undefined; lastKnownFileType = unknown; explicitFileType = undefined; includeInIndex = 0; };
		E75483CC37FC42208BD93882 /* icon-arrow@2x.png */ = {isa = PBXFileReference; name = "icon-arrow@2x.png"; path = "../assets/icons/icon-arrow@2x.png"; sourceTree = "<group>"; fileEncoding = undefined; lastKnownFileType = unknown; explicitFileType = undefined; includeInIndex = 0; };
		7B79218809484F96B3991E9C /* icon-arrow@3x.png */ = {isa = PBXFileReference; name = "icon-arrow@3x.png"; path = "../assets/icons/icon-arrow@3x.png"; sourceTree = "<group>"; fileEncoding = undefined; lastKnownFileType = unknown; explicitFileType = undefined; includeInIndex = 0; };
		7C21350907AF4599B47111F1 /* icon-close.png */ = {isa = PBXFileReference; name = "icon-close.png"; path = "../assets/icons/icon-close.png"; sourceTree = "<group>"; fileEncoding = undefined; lastKnownFileType = unknown; explicitFileType = undefined; includeInIndex = 0; };
		BCF9A65A5FE04B74BC67F6FF /* icon-close@2x.png */ = {isa = PBXFileReference; name = "icon-close@2x.png"; path = "../assets/icons/icon-close@2x.png"; sourceTree = "<group>"; fileEncoding = undefined; lastKnownFileType = unknown; explicitFileType = undefined; includeInIndex = 0; };
		5023C9474BF948A9A83A740E /* icon-close@3x.png */ = {isa = PBXFileReference; name = "icon-close@3x.png"; path = "../assets/icons/icon-close@3x.png"; sourceTree = "<group>"; fileEncoding = undefined; lastKnownFileType = unknown; explicitFileType = undefined; includeInIndex = 0; };
		DEE9C433731A430FB76684CB /* icon-day-gray.png */ = {isa = PBXFileReference; name = "icon-day-gray.png"; path = "../assets/icons/icon-day-gray.png"; sourceTree = "<group>"; fileEncoding = undefined; lastKnownFileType = unknown; explicitFileType = undefined; includeInIndex = 0; };
		9DE63434EF064850828C83B2 /* icon-day-gray@2x.png */ = {isa = PBXFileReference; name = "icon-day-gray@2x.png"; path = "../assets/icons/icon-day-gray@2x.png"; sourceTree = "<group>"; fileEncoding = undefined; lastKnownFileType = unknown; explicitFileType = undefined; includeInIndex = 0; };
		37EE76B0AA03407FAE7DAC4C /* icon-day-gray@3x.png */ = {isa = PBXFileReference; name = "icon-day-gray@3x.png"; path = "../assets/icons/icon-day-gray@3x.png"; sourceTree = "<group>"; fileEncoding = undefined; lastKnownFileType = unknown; explicitFileType = undefined; includeInIndex = 0; };
		6DD10F806AB848CD91953DE7 /* icon-day-night-gray.png */ = {isa = PBXFileReference; name = "icon-day-night-gray.png"; path = "../assets/icons/icon-day-night-gray.png"; sourceTree = "<group>"; fileEncoding = undefined; lastKnownFileType = unknown; explicitFileType = undefined; includeInIndex = 0; };
		9AB1E8A73846460DA0B3BE3C /* icon-day-night-gray@2x.png */ = {isa = PBXFileReference; name = "icon-day-night-gray@2x.png"; path = "../assets/icons/icon-day-night-gray@2x.png"; sourceTree = "<group>"; fileEncoding = undefined; lastKnownFileType = unknown; explicitFileType = undefined; includeInIndex = 0; };
		69884BE6439043EABF7DEEA6 /* icon-day-night-gray@3x.png */ = {isa = PBXFileReference; name = "icon-day-night-gray@3x.png"; path = "../assets/icons/icon-day-night-gray@3x.png"; sourceTree = "<group>"; fileEncoding = undefined; lastKnownFileType = unknown; explicitFileType = undefined; includeInIndex = 0; };
		40772317FA8044EBAB0FFF23 /* icon-day-night.png */ = {isa = PBXFileReference; name = "icon-day-night.png"; path = "../assets/icons/icon-day-night.png"; sourceTree = "<group>"; fileEncoding = undefined; lastKnownFileType = unknown; explicitFileType = undefined; includeInIndex = 0; };
		4A6A2CED0CCE41BBAE50E25B /* icon-day-night@2x.png */ = {isa = PBXFileReference; name = "icon-day-night@2x.png"; path = "../assets/icons/icon-day-night@2x.png"; sourceTree = "<group>"; fileEncoding = undefined; lastKnownFileType = unknown; explicitFileType = undefined; includeInIndex = 0; };
		7A0BFF1050DC4CF39697B9F5 /* icon-day-night@3x.png */ = {isa = PBXFileReference; name = "icon-day-night@3x.png"; path = "../assets/icons/icon-day-night@3x.png"; sourceTree = "<group>"; fileEncoding = undefined; lastKnownFileType = unknown; explicitFileType = undefined; includeInIndex = 0; };
		152D5C80818B4F438EAA8A80 /* icon-day.png */ = {isa = PBXFileReference; name = "icon-day.png"; path = "../assets/icons/icon-day.png"; sourceTree = "<group>"; fileEncoding = undefined; lastKnownFileType = unknown; explicitFileType = undefined; includeInIndex = 0; };
		A3A5BB361A1C492EAA37A802 /* icon-day@2x.png */ = {isa = PBXFileReference; name = "icon-day@2x.png"; path = "../assets/icons/icon-day@2x.png"; sourceTree = "<group>"; fileEncoding = undefined; lastKnownFileType = unknown; explicitFileType = undefined; includeInIndex = 0; };
		689CA07195F14475ACBD2C96 /* icon-day@3x.png */ = {isa = PBXFileReference; name = "icon-day@3x.png"; path = "../assets/icons/icon-day@3x.png"; sourceTree = "<group>"; fileEncoding = undefined; lastKnownFileType = unknown; explicitFileType = undefined; includeInIndex = 0; };
		4F92974DDF764B67B8C1FF85 /* icon-info.png */ = {isa = PBXFileReference; name = "icon-info.png"; path = "../assets/icons/icon-info.png"; sourceTree = "<group>"; fileEncoding = undefined; lastKnownFileType = unknown; explicitFileType = undefined; includeInIndex = 0; };
		9DD48E780C4648F8BEE58AD7 /* icon-info@2x.png */ = {isa = PBXFileReference; name = "icon-info@2x.png"; path = "../assets/icons/icon-info@2x.png"; sourceTree = "<group>"; fileEncoding = undefined; lastKnownFileType = unknown; explicitFileType = undefined; includeInIndex = 0; };
		DB979BF104A54AAAA6B5E08C /* icon-info@3x.png */ = {isa = PBXFileReference; name = "icon-info@3x.png"; path = "../assets/icons/icon-info@3x.png"; sourceTree = "<group>"; fileEncoding = undefined; lastKnownFileType = unknown; explicitFileType = undefined; includeInIndex = 0; };
		D66C7DC239C841F3A41BAA23 /* icon-minus.png */ = {isa = PBXFileReference; name = "icon-minus.png"; path = "../assets/icons/icon-minus.png"; sourceTree = "<group>"; fileEncoding = undefined; lastKnownFileType = unknown; explicitFileType = undefined; includeInIndex = 0; };
		2BCEC2C3F80743BEB5FFEF4F /* icon-minus@2x.png */ = {isa = PBXFileReference; name = "icon-minus@2x.png"; path = "../assets/icons/icon-minus@2x.png"; sourceTree = "<group>"; fileEncoding = undefined; lastKnownFileType = unknown; explicitFileType = undefined; includeInIndex = 0; };
		0752890F78D041A992E9E2F7 /* icon-minus@3x.png */ = {isa = PBXFileReference; name = "icon-minus@3x.png"; path = "../assets/icons/icon-minus@3x.png"; sourceTree = "<group>"; fileEncoding = undefined; lastKnownFileType = unknown; explicitFileType = undefined; includeInIndex = 0; };
		9CFC32C3113642A78617A3A4 /* icon-night-gray.png */ = {isa = PBXFileReference; name = "icon-night-gray.png"; path = "../assets/icons/icon-night-gray.png"; sourceTree = "<group>"; fileEncoding = undefined; lastKnownFileType = unknown; explicitFileType = undefined; includeInIndex = 0; };
		F6E595E0E94F436AACD02834 /* icon-night-gray@2x.png */ = {isa = PBXFileReference; name = "icon-night-gray@2x.png"; path = "../assets/icons/icon-night-gray@2x.png"; sourceTree = "<group>"; fileEncoding = undefined; lastKnownFileType = unknown; explicitFileType = undefined; includeInIndex = 0; };
		201C878F7D2745B392F93C76 /* icon-night-gray@3x.png */ = {isa = PBXFileReference; name = "icon-night-gray@3x.png"; path = "../assets/icons/icon-night-gray@3x.png"; sourceTree = "<group>"; fileEncoding = undefined; lastKnownFileType = unknown; explicitFileType = undefined; includeInIndex = 0; };
		203C89D5ED8E443D98CA47DD /* icon-night.png */ = {isa = PBXFileReference; name = "icon-night.png"; path = "../assets/icons/icon-night.png"; sourceTree = "<group>"; fileEncoding = undefined; lastKnownFileType = unknown; explicitFileType = undefined; includeInIndex = 0; };
		BCC43619B2D24A68B11515FE /* icon-night@2x.png */ = {isa = PBXFileReference; name = "icon-night@2x.png"; path = "../assets/icons/icon-night@2x.png"; sourceTree = "<group>"; fileEncoding = undefined; lastKnownFileType = unknown; explicitFileType = undefined; includeInIndex = 0; };
		25C4B64113D4432BBA026098 /* icon-night@3x.png */ = {isa = PBXFileReference; name = "icon-night@3x.png"; path = "../assets/icons/icon-night@3x.png"; sourceTree = "<group>"; fileEncoding = undefined; lastKnownFileType = unknown; explicitFileType = undefined; includeInIndex = 0; };
		90E6EB6D36B9479A846DD6B9 /* icon-plus.png */ = {isa = PBXFileReference; name = "icon-plus.png"; path = "../assets/icons/icon-plus.png"; sourceTree = "<group>"; fileEncoding = undefined; lastKnownFileType = unknown; explicitFileType = undefined; includeInIndex = 0; };
		400760FB800C43E58348EE3F /* icon-plus@2x.png */ = {isa = PBXFileReference; name = "icon-plus@2x.png"; path = "../assets/icons/icon-plus@2x.png"; sourceTree = "<group>"; fileEncoding = undefined; lastKnownFileType = unknown; explicitFileType = undefined; includeInIndex = 0; };
		E8FC27A5C0204E37BD3DDD10 /* icon-plus@3x.png */ = {isa = PBXFileReference; name = "icon-plus@3x.png"; path = "../assets/icons/icon-plus@3x.png"; sourceTree = "<group>"; fileEncoding = undefined; lastKnownFileType = unknown; explicitFileType = undefined; includeInIndex = 0; };
		018346A393B1427AB57DCAC4 /* icon-setting.png */ = {isa = PBXFileReference; name = "icon-setting.png"; path = "../assets/icons/icon-setting.png"; sourceTree = "<group>"; fileEncoding = undefined; lastKnownFileType = unknown; explicitFileType = undefined; includeInIndex = 0; };
		E9C3A61026F84805B7243269 /* icon-setting@2x.png */ = {isa = PBXFileReference; name = "icon-setting@2x.png"; path = "../assets/icons/icon-setting@2x.png"; sourceTree = "<group>"; fileEncoding = undefined; lastKnownFileType = unknown; explicitFileType = undefined; includeInIndex = 0; };
		ADE7D2E3951541B498438E38 /* icon-setting@3x.png */ = {isa = PBXFileReference; name = "icon-setting@3x.png"; path = "../assets/icons/icon-setting@3x.png"; sourceTree = "<group>"; fileEncoding = undefined; lastKnownFileType = unknown; explicitFileType = undefined; includeInIndex = 0; };
		59BAF229F3E34A278A4A1272 /* icon-umbrella-disabled.png */ = {isa = PBXFileReference; name = "icon-umbrella-disabled.png"; path = "../assets/icons/icon-umbrella-disabled.png"; sourceTree = "<group>"; fileEncoding = undefined; lastKnownFileType = unknown; explicitFileType = undefined; includeInIndex = 0; };
		D3E37CC218204604BAEE6172 /* icon-umbrella-disabled@2x.png */ = {isa = PBXFileReference; name = "icon-umbrella-disabled@2x.png"; path = "../assets/icons/icon-umbrella-disabled@2x.png"; sourceTree = "<group>"; fileEncoding = undefined; lastKnownFileType = unknown; explicitFileType = undefined; includeInIndex = 0; };
		A27B21D7BB8146B396E748DB /* icon-umbrella-disabled@3x.png */ = {isa = PBXFileReference; name = "icon-umbrella-disabled@3x.png"; path = "../assets/icons/icon-umbrella-disabled@3x.png"; sourceTree = "<group>"; fileEncoding = undefined; lastKnownFileType = unknown; explicitFileType = undefined; includeInIndex = 0; };
		EE5CE5B8908C453694EC4199 /* icon-umbrella-enabled.png */ = {isa = PBXFileReference; name = "icon-umbrella-enabled.png"; path = "../assets/icons/icon-umbrella-enabled.png"; sourceTree = "<group>"; fileEncoding = undefined; lastKnownFileType = unknown; explicitFileType = undefined; includeInIndex = 0; };
		31173FAAF311432B9DF64AB7 /* icon-umbrella-enabled@2x.png */ = {isa = PBXFileReference; name = "icon-umbrella-enabled@2x.png"; path = "../assets/icons/icon-umbrella-enabled@2x.png"; sourceTree = "<group>"; fileEncoding = undefined; lastKnownFileType = unknown; explicitFileType = undefined; includeInIndex = 0; };
		E83BA8AD311B441587EA301A /* icon-umbrella-enabled@3x.png */ = {isa = PBXFileReference; name = "icon-umbrella-enabled@3x.png"; path = "../assets/icons/icon-umbrella-enabled@3x.png"; sourceTree = "<group>"; fileEncoding = undefined; lastKnownFileType = unknown; explicitFileType = undefined; includeInIndex = 0; };
		0B50310F60BC43D58C2611ED /* umbrella.png */ = {isa = PBXFileReference; name = "umbrella.png"; path = "../assets/images/umbrella.png"; sourceTree = "<group>"; fileEncoding = undefined; lastKnownFileType = unknown; explicitFileType = undefined; includeInIndex = 0; };
		AC4A562013894AE29FA57FCA /* umbrella@2x.png */ = {isa = PBXFileReference; name = "umbrella@2x.png"; path = "../assets/images/umbrella@2x.png"; sourceTree = "<group>"; fileEncoding = undefined; lastKnownFileType = unknown; explicitFileType = undefined; includeInIndex = 0; };
		300FBFAA959346348BF87763 /* umbrella@3x.png */ = {isa = PBXFileReference; name = "umbrella@3x.png"; path = "../assets/images/umbrella@3x.png"; sourceTree = "<group>"; fileEncoding = undefined; lastKnownFileType = unknown; explicitFileType = undefined; includeInIndex = 0; };
/* End PBXFileReference section */

/* Begin PBXFrameworksBuildPhase section */
		00E356EB1AD99517003FC87E /* Frameworks */ = {
			isa = PBXFrameworksBuildPhase;
			buildActionMask = 2147483647;
			files = (
				73FA5A87444F73CB2664D1E4 /* Pods_readyUmbrella_readyUmbrellaTests.framework in Frameworks */,
			);
			runOnlyForDeploymentPostprocessing = 0;
		};
		13B07F8C1A680F5B00A75B9A /* Frameworks */ = {
			isa = PBXFrameworksBuildPhase;
			buildActionMask = 2147483647;
			files = (
				766E112E2A87647200165CBB /* libz.tbd in Frameworks */,
				C38BDF5A4FD9BF0648B9CC75 /* Pods_readyUmbrella.framework in Frameworks */,
			);
			runOnlyForDeploymentPostprocessing = 0;
		};
/* End PBXFrameworksBuildPhase section */

/* Begin PBXGroup section */
		00E356EF1AD99517003FC87E /* readyUmbrellaTests */ = {
			isa = PBXGroup;
			children = (
				00E356F21AD99517003FC87E /* readyUmbrellaTests.m */,
				00E356F01AD99517003FC87E /* Supporting Files */,
			);
			path = readyUmbrellaTests;
			sourceTree = "<group>";
		};
		00E356F01AD99517003FC87E /* Supporting Files */ = {
			isa = PBXGroup;
			children = (
				00E356F11AD99517003FC87E /* Info.plist */,
			);
			name = "Supporting Files";
			sourceTree = "<group>";
		};
		13B07FAE1A68108700A75B9A /* readyUmbrella */ = {
			isa = PBXGroup;
			children = (
				7658CA022AA8C62C009F4930 /* readyUmbrella.entitlements */,
				13B07FAF1A68108700A75B9A /* AppDelegate.h */,
				13B07FB01A68108700A75B9A /* AppDelegate.mm */,
				13B07FB51A68108700A75B9A /* Images.xcassets */,
				13B07FB61A68108700A75B9A /* Info.plist */,
				81AB9BB72411601600AC10FF /* LaunchScreen.storyboard */,
				13B07FB71A68108700A75B9A /* main.m */,
			);
			name = readyUmbrella;
			sourceTree = "<group>";
		};
		2D16E6871FA4F8E400B85C8A /* Frameworks */ = {
			isa = PBXGroup;
			children = (
				767BA4A52AA6464600519CFC /* CodePush.framework */,
				76A8E5E92A877CC800466D8E /* libCodePush.a */,
				76A8E5E52A877CAB00466D8E /* libCodePush.a */,
				766E112D2A87647200165CBB /* libz.tbd */,
				ED297162215061F000B7C4FE /* JavaScriptCore.framework */,
				738E953EA807C010B308A872 /* Pods_readyUmbrella.framework */,
				0045CA98911DC726063FCAB6 /* Pods_readyUmbrella_readyUmbrellaTests.framework */,
			);
			name = Frameworks;
			sourceTree = "<group>";
		};
		832341AE1AAA6A7D00B99B32 /* Libraries */ = {
			isa = PBXGroup;
			children = (
			);
			name = Libraries;
			sourceTree = "<group>";
		};
		83CBB9F61A601CBA00E9B192 = {
			isa = PBXGroup;
			children = (
				767BA4A32AA6406F00519CFC /* GoogleService-Info.plist */,
				13B07FAE1A68108700A75B9A /* readyUmbrella */,
				832341AE1AAA6A7D00B99B32 /* Libraries */,
				00E356EF1AD99517003FC87E /* readyUmbrellaTests */,
				83CBBA001A601CBA00E9B192 /* Products */,
				2D16E6871FA4F8E400B85C8A /* Frameworks */,
				BBD78D7AC51CEA395F1C20DB /* Pods */,
				FA5095346A1845218F8FDB94 /* Resources */,
			);
			indentWidth = 2;
			sourceTree = "<group>";
			tabWidth = 2;
			usesTabs = 0;
		};
		83CBBA001A601CBA00E9B192 /* Products */ = {
			isa = PBXGroup;
			children = (
				13B07F961A680F5B00A75B9A /* readyUmbrella.app */,
				00E356EE1AD99517003FC87E /* readyUmbrellaTests.xctest */,
			);
			name = Products;
			sourceTree = "<group>";
		};
		BBD78D7AC51CEA395F1C20DB /* Pods */ = {
			isa = PBXGroup;
			children = (
				3B4392A12AC88292D35C810B /* Pods-readyUmbrella.debug.xcconfig */,
				5709B34CF0A7D63546082F79 /* Pods-readyUmbrella.release.xcconfig */,
				5B7EB9410499542E8C5724F5 /* Pods-readyUmbrella-readyUmbrellaTests.debug.xcconfig */,
				89C6BE57DB24E9ADA2F236DE /* Pods-readyUmbrella-readyUmbrellaTests.release.xcconfig */,
			);
			path = Pods;
			sourceTree = "<group>";
		};
		FA5095346A1845218F8FDB94 /* Resources */ = {
			isa = PBXGroup;
			children = (
				911BE3DC8F5B4CBCA129252B /* Pretendard-Bold.ttf */,
				8489E8543ED544C591DC6DFB /* Pretendard-ExtraBold.ttf */,
				B17FFA0525E6460CA8D9E211 /* Pretendard-Regular.ttf */,
				36380F4B60B2475DB7950495 /* Pretendard-SemiBold.ttf */,
				68F05930E66A40D694B3C86A /* icon-arrow.png */,
				E75483CC37FC42208BD93882 /* icon-arrow@2x.png */,
				7B79218809484F96B3991E9C /* icon-arrow@3x.png */,
				7C21350907AF4599B47111F1 /* icon-close.png */,
				BCF9A65A5FE04B74BC67F6FF /* icon-close@2x.png */,
				5023C9474BF948A9A83A740E /* icon-close@3x.png */,
				DEE9C433731A430FB76684CB /* icon-day-gray.png */,
				9DE63434EF064850828C83B2 /* icon-day-gray@2x.png */,
				37EE76B0AA03407FAE7DAC4C /* icon-day-gray@3x.png */,
				6DD10F806AB848CD91953DE7 /* icon-day-night-gray.png */,
				9AB1E8A73846460DA0B3BE3C /* icon-day-night-gray@2x.png */,
				69884BE6439043EABF7DEEA6 /* icon-day-night-gray@3x.png */,
				40772317FA8044EBAB0FFF23 /* icon-day-night.png */,
				4A6A2CED0CCE41BBAE50E25B /* icon-day-night@2x.png */,
				7A0BFF1050DC4CF39697B9F5 /* icon-day-night@3x.png */,
				152D5C80818B4F438EAA8A80 /* icon-day.png */,
				A3A5BB361A1C492EAA37A802 /* icon-day@2x.png */,
				689CA07195F14475ACBD2C96 /* icon-day@3x.png */,
				4F92974DDF764B67B8C1FF85 /* icon-info.png */,
				9DD48E780C4648F8BEE58AD7 /* icon-info@2x.png */,
				DB979BF104A54AAAA6B5E08C /* icon-info@3x.png */,
				D66C7DC239C841F3A41BAA23 /* icon-minus.png */,
				2BCEC2C3F80743BEB5FFEF4F /* icon-minus@2x.png */,
				0752890F78D041A992E9E2F7 /* icon-minus@3x.png */,
				9CFC32C3113642A78617A3A4 /* icon-night-gray.png */,
				F6E595E0E94F436AACD02834 /* icon-night-gray@2x.png */,
				201C878F7D2745B392F93C76 /* icon-night-gray@3x.png */,
				203C89D5ED8E443D98CA47DD /* icon-night.png */,
				BCC43619B2D24A68B11515FE /* icon-night@2x.png */,
				25C4B64113D4432BBA026098 /* icon-night@3x.png */,
				90E6EB6D36B9479A846DD6B9 /* icon-plus.png */,
				400760FB800C43E58348EE3F /* icon-plus@2x.png */,
				E8FC27A5C0204E37BD3DDD10 /* icon-plus@3x.png */,
				018346A393B1427AB57DCAC4 /* icon-setting.png */,
				E9C3A61026F84805B7243269 /* icon-setting@2x.png */,
				ADE7D2E3951541B498438E38 /* icon-setting@3x.png */,
				59BAF229F3E34A278A4A1272 /* icon-umbrella-disabled.png */,
				D3E37CC218204604BAEE6172 /* icon-umbrella-disabled@2x.png */,
				A27B21D7BB8146B396E748DB /* icon-umbrella-disabled@3x.png */,
				EE5CE5B8908C453694EC4199 /* icon-umbrella-enabled.png */,
				31173FAAF311432B9DF64AB7 /* icon-umbrella-enabled@2x.png */,
				E83BA8AD311B441587EA301A /* icon-umbrella-enabled@3x.png */,
				0B50310F60BC43D58C2611ED /* umbrella.png */,
				AC4A562013894AE29FA57FCA /* umbrella@2x.png */,
				300FBFAA959346348BF87763 /* umbrella@3x.png */,
			);
			name = Resources;
			sourceTree = "<group>";
		};
/* End PBXGroup section */

/* Begin PBXNativeTarget section */
		00E356ED1AD99517003FC87E /* readyUmbrellaTests */ = {
			isa = PBXNativeTarget;
			buildConfigurationList = 00E357021AD99517003FC87E /* Build configuration list for PBXNativeTarget "readyUmbrellaTests" */;
			buildPhases = (
				A55EABD7B0C7F3A422A6CC61 /* [CP] Check Pods Manifest.lock */,
				00E356EA1AD99517003FC87E /* Sources */,
				00E356EB1AD99517003FC87E /* Frameworks */,
				00E356EC1AD99517003FC87E /* Resources */,
				C59DA0FBD6956966B86A3779 /* [CP] Embed Pods Frameworks */,
				8CB3066247F7E25D224284DE /* [CP] Copy Pods Resources */,
			);
			buildRules = (
			);
			dependencies = (
				00E356F51AD99517003FC87E /* PBXTargetDependency */,
			);
			name = readyUmbrellaTests;
			productName = readyUmbrellaTests;
			productReference = 00E356EE1AD99517003FC87E /* readyUmbrellaTests.xctest */;
			productType = "com.apple.product-type.bundle.unit-test";
		};
		13B07F861A680F5B00A75B9A /* readyUmbrella */ = {
			isa = PBXNativeTarget;
			buildConfigurationList = 13B07F931A680F5B00A75B9A /* Build configuration list for PBXNativeTarget "readyUmbrella" */;
			buildPhases = (
				C38B50BA6285516D6DCD4F65 /* [CP] Check Pods Manifest.lock */,
				FD10A7F022414F080027D42C /* Start Packager */,
				13B07F871A680F5B00A75B9A /* Sources */,
				13B07F8C1A680F5B00A75B9A /* Frameworks */,
				13B07F8E1A680F5B00A75B9A /* Resources */,
				00DD1BFF1BD5951E006B06BC /* Bundle React Native code and images */,
				00EEFC60759A1932668264C0 /* [CP] Embed Pods Frameworks */,
				E76F98477D9AEA355DF624E1 /* [CP-User] [RNFB] Core Configuration */,
				A65C3A75100FC38E72A55BC7 /* [CP] Copy Pods Resources */,
			);
			buildRules = (
			);
			dependencies = (
			);
			name = readyUmbrella;
			productName = readyUmbrella;
			productReference = 13B07F961A680F5B00A75B9A /* readyUmbrella.app */;
			productType = "com.apple.product-type.application";
		};
/* End PBXNativeTarget section */

/* Begin PBXProject section */
		83CBB9F71A601CBA00E9B192 /* Project object */ = {
			isa = PBXProject;
			attributes = {
				LastUpgradeCheck = 1210;
				TargetAttributes = {
					00E356ED1AD99517003FC87E = {
						CreatedOnToolsVersion = 6.2;
						TestTargetID = 13B07F861A680F5B00A75B9A;
					};
					13B07F861A680F5B00A75B9A = {
						LastSwiftMigration = 1120;
					};
				};
			};
			buildConfigurationList = 83CBB9FA1A601CBA00E9B192 /* Build configuration list for PBXProject "readyUmbrella" */;
			compatibilityVersion = "Xcode 12.0";
			developmentRegion = en;
			hasScannedForEncodings = 0;
			knownRegions = (
				en,
				Base,
			);
			mainGroup = 83CBB9F61A601CBA00E9B192;
			productRefGroup = 83CBBA001A601CBA00E9B192 /* Products */;
			projectDirPath = "";
			projectRoot = "";
			targets = (
				13B07F861A680F5B00A75B9A /* readyUmbrella */,
				00E356ED1AD99517003FC87E /* readyUmbrellaTests */,
			);
		};
/* End PBXProject section */

/* Begin PBXResourcesBuildPhase section */
		00E356EC1AD99517003FC87E /* Resources */ = {
			isa = PBXResourcesBuildPhase;
			buildActionMask = 2147483647;
			files = (
			);
			runOnlyForDeploymentPostprocessing = 0;
		};
		13B07F8E1A680F5B00A75B9A /* Resources */ = {
			isa = PBXResourcesBuildPhase;
			buildActionMask = 2147483647;
			files = (
				81AB9BB82411601600AC10FF /* LaunchScreen.storyboard in Resources */,
				13B07FBF1A68108700A75B9A /* Images.xcassets in Resources */,
				026C4F9B9FBA45EAB0834D23 /* Pretendard-Bold.ttf in Resources */,
				B05D920BF8FE4650A83826CC /* Pretendard-ExtraBold.ttf in Resources */,
				0426C6F4DDD5451880D537C2 /* Pretendard-Regular.ttf in Resources */,
				0CD8B9AA0E494E588862DBCA /* Pretendard-SemiBold.ttf in Resources */,
				767BA4A42AA6406F00519CFC /* GoogleService-Info.plist in Resources */,
				534A30A4DD554B5297234A62 /* icon-arrow.png in Resources */,
				1321BCF366FB47C0B79763F7 /* icon-arrow@2x.png in Resources */,
				D761F05B117C44CA916AF08F /* icon-arrow@3x.png in Resources */,
				B5F51C0A157E4E3BAD4D36A3 /* icon-close.png in Resources */,
				BF8C410CBCD94283A94D30D1 /* icon-close@2x.png in Resources */,
				595707F0FED448868FF16CCC /* icon-close@3x.png in Resources */,
				6D77391F580242DC912779EB /* icon-day-gray.png in Resources */,
				3BA78DD82EA2497E8592B679 /* icon-day-gray@2x.png in Resources */,
				38EBEF723F684ECC8330B4D9 /* icon-day-gray@3x.png in Resources */,
				257959DBCF0C4CBE8A2321D7 /* icon-day-night-gray.png in Resources */,
				40F5192532164BE98B7015F9 /* icon-day-night-gray@2x.png in Resources */,
				36041166983F4836B0D68115 /* icon-day-night-gray@3x.png in Resources */,
				2500455872DD4A879167988A /* icon-day-night.png in Resources */,
				D1FF7B743ACF40288FA082CD /* icon-day-night@2x.png in Resources */,
				2637D4D57E66470C8992F720 /* icon-day-night@3x.png in Resources */,
				311C60227E564302AC826EA6 /* icon-day.png in Resources */,
				C95EF95F57C04CE99FF12A44 /* icon-day@2x.png in Resources */,
				A729B27FDD464A3B822B0164 /* icon-day@3x.png in Resources */,
				6106A6FF13594A14B2F1023B /* icon-info.png in Resources */,
				4F7750D8ED97444FA61EB3C2 /* icon-info@2x.png in Resources */,
				0D54DAFD37DA44CF811A41A6 /* icon-info@3x.png in Resources */,
				F1218439F95C45D48F95BF8D /* icon-minus.png in Resources */,
				36A33F0D38C8432AAA3CC3AC /* icon-minus@2x.png in Resources */,
				AE6A6B51125C458F95850A91 /* icon-minus@3x.png in Resources */,
				EE5D22395D30426084822A75 /* icon-night-gray.png in Resources */,
				09D00EF77A954343AC1B8DD9 /* icon-night-gray@2x.png in Resources */,
				658A54B38B6144E08F461CE8 /* icon-night-gray@3x.png in Resources */,
				2F55C70441BE40A2A1CFECFD /* icon-night.png in Resources */,
				FCA7B342DF694748AB3CAEA0 /* icon-night@2x.png in Resources */,
				A2BC874EC13B4FDB82A26891 /* icon-night@3x.png in Resources */,
				825C53407E6E43C4A2BD48E9 /* icon-plus.png in Resources */,
				64C54350FEB7424C80BF3848 /* icon-plus@2x.png in Resources */,
				2E80BD0B079F4564B7D636D4 /* icon-plus@3x.png in Resources */,
				3E32FFF2A9D44DDAAA77C9AB /* icon-setting.png in Resources */,
				DB0E37A4715F4BF8B15E693D /* icon-setting@2x.png in Resources */,
				5DF40752A5B6422C9C5B7E52 /* icon-setting@3x.png in Resources */,
				41F8ABEE4D0642038EAD1E2B /* icon-umbrella-disabled.png in Resources */,
				1F30E940A9D0474690084C43 /* icon-umbrella-disabled@2x.png in Resources */,
				FFE3EB2208F84DD0B65A0F11 /* icon-umbrella-disabled@3x.png in Resources */,
				DA2DF04F21A749458227B1B9 /* icon-umbrella-enabled.png in Resources */,
				AE3F168ADAA249C79F45B1CF /* icon-umbrella-enabled@2x.png in Resources */,
				583AAE9D244C47C39CBB84A3 /* icon-umbrella-enabled@3x.png in Resources */,
				0813E8DCA1F844B89A7298DF /* umbrella.png in Resources */,
				DBA4A91B47C44798A00DB06C /* umbrella@2x.png in Resources */,
				8CC0FBAD5CFC469DAE436171 /* umbrella@3x.png in Resources */,
			);
			runOnlyForDeploymentPostprocessing = 0;
		};
/* End PBXResourcesBuildPhase section */

/* Begin PBXShellScriptBuildPhase section */
		00DD1BFF1BD5951E006B06BC /* Bundle React Native code and images */ = {
			isa = PBXShellScriptBuildPhase;
			buildActionMask = 2147483647;
			files = (
			);
			inputPaths = (
				"$(SRCROOT)/.xcode.env.local",
				"$(SRCROOT)/.xcode.env",
			);
			name = "Bundle React Native code and images";
			outputPaths = (
			);
			runOnlyForDeploymentPostprocessing = 0;
			shellPath = /bin/sh;
			shellScript = "set -e\n\nWITH_ENVIRONMENT=\"../node_modules/react-native/scripts/xcode/with-environment.sh\"\nREACT_NATIVE_XCODE=\"../node_modules/react-native/scripts/react-native-xcode.sh\"\n\n/bin/sh -c \"$WITH_ENVIRONMENT $REACT_NATIVE_XCODE\"\n";
		};
		00EEFC60759A1932668264C0 /* [CP] Embed Pods Frameworks */ = {
			isa = PBXShellScriptBuildPhase;
			buildActionMask = 2147483647;
			files = (
			);
			inputFileListPaths = (
				"${PODS_ROOT}/Target Support Files/Pods-readyUmbrella/Pods-readyUmbrella-frameworks-${CONFIGURATION}-input-files.xcfilelist",
			);
			name = "[CP] Embed Pods Frameworks";
			outputFileListPaths = (
				"${PODS_ROOT}/Target Support Files/Pods-readyUmbrella/Pods-readyUmbrella-frameworks-${CONFIGURATION}-output-files.xcfilelist",
			);
			runOnlyForDeploymentPostprocessing = 0;
			shellPath = /bin/sh;
			shellScript = "\"${PODS_ROOT}/Target Support Files/Pods-readyUmbrella/Pods-readyUmbrella-frameworks.sh\"\n";
			showEnvVarsInLog = 0;
		};
		8CB3066247F7E25D224284DE /* [CP] Copy Pods Resources */ = {
			isa = PBXShellScriptBuildPhase;
			buildActionMask = 2147483647;
			files = (
			);
			inputFileListPaths = (
				"${PODS_ROOT}/Target Support Files/Pods-readyUmbrella-readyUmbrellaTests/Pods-readyUmbrella-readyUmbrellaTests-resources-${CONFIGURATION}-input-files.xcfilelist",
			);
			name = "[CP] Copy Pods Resources";
			outputFileListPaths = (
				"${PODS_ROOT}/Target Support Files/Pods-readyUmbrella-readyUmbrellaTests/Pods-readyUmbrella-readyUmbrellaTests-resources-${CONFIGURATION}-output-files.xcfilelist",
			);
			runOnlyForDeploymentPostprocessing = 0;
			shellPath = /bin/sh;
			shellScript = "\"${PODS_ROOT}/Target Support Files/Pods-readyUmbrella-readyUmbrellaTests/Pods-readyUmbrella-readyUmbrellaTests-resources.sh\"\n";
			showEnvVarsInLog = 0;
		};
		A55EABD7B0C7F3A422A6CC61 /* [CP] Check Pods Manifest.lock */ = {
			isa = PBXShellScriptBuildPhase;
			buildActionMask = 2147483647;
			files = (
			);
			inputFileListPaths = (
			);
			inputPaths = (
				"${PODS_PODFILE_DIR_PATH}/Podfile.lock",
				"${PODS_ROOT}/Manifest.lock",
			);
			name = "[CP] Check Pods Manifest.lock";
			outputFileListPaths = (
			);
			outputPaths = (
				"$(DERIVED_FILE_DIR)/Pods-readyUmbrella-readyUmbrellaTests-checkManifestLockResult.txt",
			);
			runOnlyForDeploymentPostprocessing = 0;
			shellPath = /bin/sh;
			shellScript = "diff \"${PODS_PODFILE_DIR_PATH}/Podfile.lock\" \"${PODS_ROOT}/Manifest.lock\" > /dev/null\nif [ $? != 0 ] ; then\n    # print error to STDERR\n    echo \"error: The sandbox is not in sync with the Podfile.lock. Run 'pod install' or update your CocoaPods installation.\" >&2\n    exit 1\nfi\n# This output is used by Xcode 'outputs' to avoid re-running this script phase.\necho \"SUCCESS\" > \"${SCRIPT_OUTPUT_FILE_0}\"\n";
			showEnvVarsInLog = 0;
		};
		A65C3A75100FC38E72A55BC7 /* [CP] Copy Pods Resources */ = {
			isa = PBXShellScriptBuildPhase;
			buildActionMask = 2147483647;
			files = (
			);
			inputFileListPaths = (
				"${PODS_ROOT}/Target Support Files/Pods-readyUmbrella/Pods-readyUmbrella-resources-${CONFIGURATION}-input-files.xcfilelist",
			);
			name = "[CP] Copy Pods Resources";
			outputFileListPaths = (
				"${PODS_ROOT}/Target Support Files/Pods-readyUmbrella/Pods-readyUmbrella-resources-${CONFIGURATION}-output-files.xcfilelist",
			);
			runOnlyForDeploymentPostprocessing = 0;
			shellPath = /bin/sh;
			shellScript = "\"${PODS_ROOT}/Target Support Files/Pods-readyUmbrella/Pods-readyUmbrella-resources.sh\"\n";
			showEnvVarsInLog = 0;
		};
		C38B50BA6285516D6DCD4F65 /* [CP] Check Pods Manifest.lock */ = {
			isa = PBXShellScriptBuildPhase;
			buildActionMask = 2147483647;
			files = (
			);
			inputFileListPaths = (
			);
			inputPaths = (
				"${PODS_PODFILE_DIR_PATH}/Podfile.lock",
				"${PODS_ROOT}/Manifest.lock",
			);
			name = "[CP] Check Pods Manifest.lock";
			outputFileListPaths = (
			);
			outputPaths = (
				"$(DERIVED_FILE_DIR)/Pods-readyUmbrella-checkManifestLockResult.txt",
			);
			runOnlyForDeploymentPostprocessing = 0;
			shellPath = /bin/sh;
			shellScript = "diff \"${PODS_PODFILE_DIR_PATH}/Podfile.lock\" \"${PODS_ROOT}/Manifest.lock\" > /dev/null\nif [ $? != 0 ] ; then\n    # print error to STDERR\n    echo \"error: The sandbox is not in sync with the Podfile.lock. Run 'pod install' or update your CocoaPods installation.\" >&2\n    exit 1\nfi\n# This output is used by Xcode 'outputs' to avoid re-running this script phase.\necho \"SUCCESS\" > \"${SCRIPT_OUTPUT_FILE_0}\"\n";
			showEnvVarsInLog = 0;
		};
		C59DA0FBD6956966B86A3779 /* [CP] Embed Pods Frameworks */ = {
			isa = PBXShellScriptBuildPhase;
			buildActionMask = 2147483647;
			files = (
			);
			inputFileListPaths = (
				"${PODS_ROOT}/Target Support Files/Pods-readyUmbrella-readyUmbrellaTests/Pods-readyUmbrella-readyUmbrellaTests-frameworks-${CONFIGURATION}-input-files.xcfilelist",
			);
			name = "[CP] Embed Pods Frameworks";
			outputFileListPaths = (
				"${PODS_ROOT}/Target Support Files/Pods-readyUmbrella-readyUmbrellaTests/Pods-readyUmbrella-readyUmbrellaTests-frameworks-${CONFIGURATION}-output-files.xcfilelist",
			);
			runOnlyForDeploymentPostprocessing = 0;
			shellPath = /bin/sh;
			shellScript = "\"${PODS_ROOT}/Target Support Files/Pods-readyUmbrella-readyUmbrellaTests/Pods-readyUmbrella-readyUmbrellaTests-frameworks.sh\"\n";
			showEnvVarsInLog = 0;
		};
		E76F98477D9AEA355DF624E1 /* [CP-User] [RNFB] Core Configuration */ = {
			isa = PBXShellScriptBuildPhase;
			buildActionMask = 2147483647;
			files = (
			);
			inputPaths = (
				"$(BUILT_PRODUCTS_DIR)/$(INFOPLIST_PATH)",
			);
			name = "[CP-User] [RNFB] Core Configuration";
			runOnlyForDeploymentPostprocessing = 0;
			shellPath = /bin/sh;
			shellScript = "#!/usr/bin/env bash\n#\n# Copyright (c) 2016-present Invertase Limited & Contributors\n#\n# Licensed under the Apache License, Version 2.0 (the \"License\");\n# you may not use this library except in compliance with the License.\n# You may obtain a copy of the License at\n#\n#   http://www.apache.org/licenses/LICENSE-2.0\n#\n# Unless required by applicable law or agreed to in writing, software\n# distributed under the License is distributed on an \"AS IS\" BASIS,\n# WITHOUT WARRANTIES OR CONDITIONS OF ANY KIND, either express or implied.\n# See the License for the specific language governing permissions and\n# limitations under the License.\n#\nset -e\n\n_MAX_LOOKUPS=2;\n_SEARCH_RESULT=''\n_RN_ROOT_EXISTS=''\n_CURRENT_LOOKUPS=1\n_JSON_ROOT=\"'react-native'\"\n_JSON_FILE_NAME='firebase.json'\n_JSON_OUTPUT_BASE64='e30=' # { }\n_CURRENT_SEARCH_DIR=${PROJECT_DIR}\n_PLIST_BUDDY=/usr/libexec/PlistBuddy\n_TARGET_PLIST=\"${BUILT_PRODUCTS_DIR}/${INFOPLIST_PATH}\"\n_DSYM_PLIST=\"${DWARF_DSYM_FOLDER_PATH}/${DWARF_DSYM_FILE_NAME}/Contents/Info.plist\"\n\n# plist arrays\n_PLIST_ENTRY_KEYS=()\n_PLIST_ENTRY_TYPES=()\n_PLIST_ENTRY_VALUES=()\n\nfunction setPlistValue {\n  echo \"info:      setting plist entry '$1' of type '$2' in file '$4'\"\n  ${_PLIST_BUDDY} -c \"Add :$1 $2 '$3'\" $4 || echo \"info:      '$1' already exists\"\n}\n\nfunction getFirebaseJsonKeyValue () {\n  if [[ ${_RN_ROOT_EXISTS} ]]; then\n    ruby -Ku -e \"require 'rubygems';require 'json'; output=JSON.parse('$1'); puts output[$_JSON_ROOT]['$2']\"\n  else\n    echo \"\"\n  fi;\n}\n\nfunction jsonBoolToYesNo () {\n  if [[ $1 == \"false\" ]]; then\n    echo \"NO\"\n  elif [[ $1 == \"true\" ]]; then\n    echo \"YES\"\n  else echo \"NO\"\n  fi\n}\n\necho \"info: -> RNFB build script started\"\necho \"info: 1) Locating ${_JSON_FILE_NAME} file:\"\n\nif [[ -z ${_CURRENT_SEARCH_DIR} ]]; then\n  _CURRENT_SEARCH_DIR=$(pwd)\nfi;\n\nwhile true; do\n  _CURRENT_SEARCH_DIR=$(dirname \"$_CURRENT_SEARCH_DIR\")\n  if [[ \"$_CURRENT_SEARCH_DIR\" == \"/\" ]] || [[ ${_CURRENT_LOOKUPS} -gt ${_MAX_LOOKUPS} ]]; then break; fi;\n  echo \"info:      ($_CURRENT_LOOKUPS of $_MAX_LOOKUPS) Searching in '$_CURRENT_SEARCH_DIR' for a ${_JSON_FILE_NAME} file.\"\n  _SEARCH_RESULT=$(find \"$_CURRENT_SEARCH_DIR\" -maxdepth 2 -name ${_JSON_FILE_NAME} -print | /usr/bin/head -n 1)\n  if [[ ${_SEARCH_RESULT} ]]; then\n    echo \"info:      ${_JSON_FILE_NAME} found at $_SEARCH_RESULT\"\n    break;\n  fi;\n  _CURRENT_LOOKUPS=$((_CURRENT_LOOKUPS+1))\ndone\n\nif [[ ${_SEARCH_RESULT} ]]; then\n  _JSON_OUTPUT_RAW=$(cat \"${_SEARCH_RESULT}\")\n  _RN_ROOT_EXISTS=$(ruby -Ku -e \"require 'rubygems';require 'json'; output=JSON.parse('$_JSON_OUTPUT_RAW'); puts output[$_JSON_ROOT]\" || echo '')\n\n  if [[ ${_RN_ROOT_EXISTS} ]]; then\n    if ! python3 --version >/dev/null 2>&1; then echo \"python3 not found, firebase.json file processing error.\" && exit 1; fi\n    _JSON_OUTPUT_BASE64=$(python3 -c 'import json,sys,base64;print(base64.b64encode(bytes(json.dumps(json.loads(open('\"'${_SEARCH_RESULT}'\"', '\"'rb'\"').read())['${_JSON_ROOT}']), '\"'utf-8'\"')).decode())' || echo \"e30=\")\n  fi\n\n  _PLIST_ENTRY_KEYS+=(\"firebase_json_raw\")\n  _PLIST_ENTRY_TYPES+=(\"string\")\n  _PLIST_ENTRY_VALUES+=(\"$_JSON_OUTPUT_BASE64\")\n\n  # config.app_data_collection_default_enabled\n  _APP_DATA_COLLECTION_ENABLED=$(getFirebaseJsonKeyValue \"$_JSON_OUTPUT_RAW\" \"app_data_collection_default_enabled\")\n  if [[ $_APP_DATA_COLLECTION_ENABLED ]]; then\n    _PLIST_ENTRY_KEYS+=(\"FirebaseDataCollectionDefaultEnabled\")\n    _PLIST_ENTRY_TYPES+=(\"bool\")\n    _PLIST_ENTRY_VALUES+=(\"$(jsonBoolToYesNo \"$_APP_DATA_COLLECTION_ENABLED\")\")\n  fi\n\n  # config.analytics_auto_collection_enabled\n  _ANALYTICS_AUTO_COLLECTION=$(getFirebaseJsonKeyValue \"$_JSON_OUTPUT_RAW\" \"analytics_auto_collection_enabled\")\n  if [[ $_ANALYTICS_AUTO_COLLECTION ]]; then\n    _PLIST_ENTRY_KEYS+=(\"FIREBASE_ANALYTICS_COLLECTION_ENABLED\")\n    _PLIST_ENTRY_TYPES+=(\"bool\")\n    _PLIST_ENTRY_VALUES+=(\"$(jsonBoolToYesNo \"$_ANALYTICS_AUTO_COLLECTION\")\")\n  fi\n\n  # config.analytics_collection_deactivated\n  _ANALYTICS_DEACTIVATED=$(getFirebaseJsonKeyValue \"$_JSON_OUTPUT_RAW\" \"analytics_collection_deactivated\")\n  if [[ $_ANALYTICS_DEACTIVATED ]]; then\n    _PLIST_ENTRY_KEYS+=(\"FIREBASE_ANALYTICS_COLLECTION_DEACTIVATED\")\n    _PLIST_ENTRY_TYPES+=(\"bool\")\n    _PLIST_ENTRY_VALUES+=(\"$(jsonBoolToYesNo \"$_ANALYTICS_DEACTIVATED\")\")\n  fi\n\n  # config.analytics_idfv_collection_enabled\n  _ANALYTICS_IDFV_COLLECTION=$(getFirebaseJsonKeyValue \"$_JSON_OUTPUT_RAW\" \"analytics_idfv_collection_enabled\")\n  if [[ $_ANALYTICS_IDFV_COLLECTION ]]; then\n    _PLIST_ENTRY_KEYS+=(\"GOOGLE_ANALYTICS_IDFV_COLLECTION_ENABLED\")\n    _PLIST_ENTRY_TYPES+=(\"bool\")\n    _PLIST_ENTRY_VALUES+=(\"$(jsonBoolToYesNo \"$_ANALYTICS_IDFV_COLLECTION\")\")\n  fi\n\n  # config.analytics_default_allow_ad_personalization_signals\n  _ANALYTICS_PERSONALIZATION=$(getFirebaseJsonKeyValue \"$_JSON_OUTPUT_RAW\" \"analytics_default_allow_ad_personalization_signals\")\n  if [[ $_ANALYTICS_PERSONALIZATION ]]; then\n    _PLIST_ENTRY_KEYS+=(\"GOOGLE_ANALYTICS_DEFAULT_ALLOW_AD_PERSONALIZATION_SIGNALS\")\n    _PLIST_ENTRY_TYPES+=(\"bool\")\n    _PLIST_ENTRY_VALUES+=(\"$(jsonBoolToYesNo \"$_ANALYTICS_PERSONALIZATION\")\")\n  fi\n\n  # config.analytics_registration_with_ad_network_enabled\n  _ANALYTICS_REGISTRATION_WITH_AD_NETWORK=$(getFirebaseJsonKeyValue \"$_JSON_OUTPUT_RAW\" \"google_analytics_registration_with_ad_network_enabled\")\n  if [[ $_ANALYTICS_REGISTRATION_WITH_AD_NETWORK ]]; then\n    _PLIST_ENTRY_KEYS+=(\"GOOGLE_ANALYTICS_REGISTRATION_WITH_AD_NETWORK_ENABLED\")\n    _PLIST_ENTRY_TYPES+=(\"bool\")\n    _PLIST_ENTRY_VALUES+=(\"$(jsonBoolToYesNo \"$_ANALYTICS_REGISTRATION_WITH_AD_NETWORK\")\")\n  fi\n\n  # config.google_analytics_automatic_screen_reporting_enabled\n  _ANALYTICS_AUTO_SCREEN_REPORTING=$(getFirebaseJsonKeyValue \"$_JSON_OUTPUT_RAW\" \"google_analytics_automatic_screen_reporting_enabled\")\n  if [[ $_ANALYTICS_AUTO_SCREEN_REPORTING ]]; then\n    _PLIST_ENTRY_KEYS+=(\"FirebaseAutomaticScreenReportingEnabled\")\n    _PLIST_ENTRY_TYPES+=(\"bool\")\n    _PLIST_ENTRY_VALUES+=(\"$(jsonBoolToYesNo \"$_ANALYTICS_AUTO_SCREEN_REPORTING\")\")\n  fi\n\n  # config.perf_auto_collection_enabled\n  _PERF_AUTO_COLLECTION=$(getFirebaseJsonKeyValue \"$_JSON_OUTPUT_RAW\" \"perf_auto_collection_enabled\")\n  if [[ $_PERF_AUTO_COLLECTION ]]; then\n    _PLIST_ENTRY_KEYS+=(\"firebase_performance_collection_enabled\")\n    _PLIST_ENTRY_TYPES+=(\"bool\")\n    _PLIST_ENTRY_VALUES+=(\"$(jsonBoolToYesNo \"$_PERF_AUTO_COLLECTION\")\")\n  fi\n\n  # config.perf_collection_deactivated\n  _PERF_DEACTIVATED=$(getFirebaseJsonKeyValue \"$_JSON_OUTPUT_RAW\" \"perf_collection_deactivated\")\n  if [[ $_PERF_DEACTIVATED ]]; then\n    _PLIST_ENTRY_KEYS+=(\"firebase_performance_collection_deactivated\")\n    _PLIST_ENTRY_TYPES+=(\"bool\")\n    _PLIST_ENTRY_VALUES+=(\"$(jsonBoolToYesNo \"$_PERF_DEACTIVATED\")\")\n  fi\n\n  # config.messaging_auto_init_enabled\n  _MESSAGING_AUTO_INIT=$(getFirebaseJsonKeyValue \"$_JSON_OUTPUT_RAW\" \"messaging_auto_init_enabled\")\n  if [[ $_MESSAGING_AUTO_INIT ]]; then\n    _PLIST_ENTRY_KEYS+=(\"FirebaseMessagingAutoInitEnabled\")\n    _PLIST_ENTRY_TYPES+=(\"bool\")\n    _PLIST_ENTRY_VALUES+=(\"$(jsonBoolToYesNo \"$_MESSAGING_AUTO_INIT\")\")\n  fi\n\n  # config.in_app_messaging_auto_colllection_enabled\n  _FIAM_AUTO_INIT=$(getFirebaseJsonKeyValue \"$_JSON_OUTPUT_RAW\" \"in_app_messaging_auto_collection_enabled\")\n  if [[ $_FIAM_AUTO_INIT ]]; then\n    _PLIST_ENTRY_KEYS+=(\"FirebaseInAppMessagingAutomaticDataCollectionEnabled\")\n    _PLIST_ENTRY_TYPES+=(\"bool\")\n    _PLIST_ENTRY_VALUES+=(\"$(jsonBoolToYesNo \"$_FIAM_AUTO_INIT\")\")\n  fi\n\n  # config.app_check_token_auto_refresh\n  _APP_CHECK_TOKEN_AUTO_REFRESH=$(getFirebaseJsonKeyValue \"$_JSON_OUTPUT_RAW\" \"app_check_token_auto_refresh\")\n  if [[ $_APP_CHECK_TOKEN_AUTO_REFRESH ]]; then\n    _PLIST_ENTRY_KEYS+=(\"FirebaseAppCheckTokenAutoRefreshEnabled\")\n    _PLIST_ENTRY_TYPES+=(\"bool\")\n    _PLIST_ENTRY_VALUES+=(\"$(jsonBoolToYesNo \"$_APP_CHECK_TOKEN_AUTO_REFRESH\")\")\n  fi\n\n  # config.crashlytics_disable_auto_disabler - undocumented for now - mainly for debugging, document if becomes useful\n  _CRASHLYTICS_AUTO_DISABLE_ENABLED=$(getFirebaseJsonKeyValue \"$_JSON_OUTPUT_RAW\" \"crashlytics_disable_auto_disabler\")\n  if [[ $_CRASHLYTICS_AUTO_DISABLE_ENABLED == \"true\" ]]; then\n    echo \"Disabled Crashlytics auto disabler.\" # do nothing\n  else\n    _PLIST_ENTRY_KEYS+=(\"FirebaseCrashlyticsCollectionEnabled\")\n    _PLIST_ENTRY_TYPES+=(\"bool\")\n    _PLIST_ENTRY_VALUES+=(\"NO\")\n  fi\nelse\n  _PLIST_ENTRY_KEYS+=(\"firebase_json_raw\")\n  _PLIST_ENTRY_TYPES+=(\"string\")\n  _PLIST_ENTRY_VALUES+=(\"$_JSON_OUTPUT_BASE64\")\n  echo \"warning:   A firebase.json file was not found, whilst this file is optional it is recommended to include it to configure firebase services in React Native Firebase.\"\nfi;\n\necho \"info: 2) Injecting Info.plist entries: \"\n\n# Log out the keys we're adding\nfor i in \"${!_PLIST_ENTRY_KEYS[@]}\"; do\n  echo \"    ->  $i) ${_PLIST_ENTRY_KEYS[$i]}\" \"${_PLIST_ENTRY_TYPES[$i]}\" \"${_PLIST_ENTRY_VALUES[$i]}\"\ndone\n\nfor plist in \"${_TARGET_PLIST}\" \"${_DSYM_PLIST}\" ; do\n  if [[ -f \"${plist}\" ]]; then\n\n    # paths with spaces break the call to setPlistValue. temporarily modify\n    # the shell internal field separator variable (IFS), which normally\n    # includes spaces, to consist only of line breaks\n    oldifs=$IFS\n    IFS=\"\n\"\n\n    for i in \"${!_PLIST_ENTRY_KEYS[@]}\"; do\n      setPlistValue \"${_PLIST_ENTRY_KEYS[$i]}\" \"${_PLIST_ENTRY_TYPES[$i]}\" \"${_PLIST_ENTRY_VALUES[$i]}\" \"${plist}\"\n    done\n\n    # restore the original internal field separator value\n    IFS=$oldifs\n  else\n    echo \"warning:   A Info.plist build output file was not found (${plist})\"\n  fi\ndone\n\necho \"info: <- RNFB build script finished\"\n";
		};
		FD10A7F022414F080027D42C /* Start Packager */ = {
			isa = PBXShellScriptBuildPhase;
			buildActionMask = 2147483647;
			files = (
			);
			inputFileListPaths = (
			);
			inputPaths = (
			);
			name = "Start Packager";
			outputFileListPaths = (
			);
			outputPaths = (
			);
			runOnlyForDeploymentPostprocessing = 0;
			shellPath = /bin/sh;
			shellScript = "export RCT_METRO_PORT=\"${RCT_METRO_PORT:=8081}\"\necho \"export RCT_METRO_PORT=${RCT_METRO_PORT}\" > \"${SRCROOT}/../node_modules/react-native/scripts/.packager.env\"\nif [ -z \"${RCT_NO_LAUNCH_PACKAGER+xxx}\" ] ; then\n  if nc -w 5 -z localhost ${RCT_METRO_PORT} ; then\n    if ! curl -s \"http://localhost:${RCT_METRO_PORT}/status\" | grep -q \"packager-status:running\" ; then\n      echo \"Port ${RCT_METRO_PORT} already in use, packager is either not running or not running correctly\"\n      exit 2\n    fi\n  else\n    open \"$SRCROOT/../node_modules/react-native/scripts/launchPackager.command\" || echo \"Can't start packager automatically\"\n  fi\nfi\n";
			showEnvVarsInLog = 0;
		};
/* End PBXShellScriptBuildPhase section */

/* Begin PBXSourcesBuildPhase section */
		00E356EA1AD99517003FC87E /* Sources */ = {
			isa = PBXSourcesBuildPhase;
			buildActionMask = 2147483647;
			files = (
				00E356F31AD99517003FC87E /* readyUmbrellaTests.m in Sources */,
			);
			runOnlyForDeploymentPostprocessing = 0;
		};
		13B07F871A680F5B00A75B9A /* Sources */ = {
			isa = PBXSourcesBuildPhase;
			buildActionMask = 2147483647;
			files = (
				13B07FBC1A68108700A75B9A /* AppDelegate.mm in Sources */,
				13B07FC11A68108700A75B9A /* main.m in Sources */,
			);
			runOnlyForDeploymentPostprocessing = 0;
		};
/* End PBXSourcesBuildPhase section */

/* Begin PBXTargetDependency section */
		00E356F51AD99517003FC87E /* PBXTargetDependency */ = {
			isa = PBXTargetDependency;
			target = 13B07F861A680F5B00A75B9A /* readyUmbrella */;
			targetProxy = 00E356F41AD99517003FC87E /* PBXContainerItemProxy */;
		};
/* End PBXTargetDependency section */

/* Begin XCBuildConfiguration section */
		00E356F61AD99517003FC87E /* Debug */ = {
			isa = XCBuildConfiguration;
			baseConfigurationReference = 5B7EB9410499542E8C5724F5 /* Pods-readyUmbrella-readyUmbrellaTests.debug.xcconfig */;
			buildSettings = {
				BUNDLE_LOADER = "$(TEST_HOST)";
				DEVELOPMENT_TEAM = XQ24HP64B3;
				GCC_PREPROCESSOR_DEFINITIONS = (
					"DEBUG=1",
					"$(inherited)",
				);
				INFOPLIST_FILE = readyUmbrellaTests/Info.plist;
				IPHONEOS_DEPLOYMENT_TARGET = 12.4;
				LD_RUNPATH_SEARCH_PATHS = (
					"$(inherited)",
					"@executable_path/Frameworks",
					"@loader_path/Frameworks",
				);
				OTHER_LDFLAGS = (
					"-ObjC",
					"-lc++",
					"$(inherited)",
				);
				PRODUCT_BUNDLE_IDENTIFIER = com.jagiya.readyUmbrella;
				PRODUCT_NAME = "$(TARGET_NAME)";
				TEST_HOST = "$(BUILT_PRODUCTS_DIR)/readyUmbrella.app/readyUmbrella";
			};
			name = Debug;
		};
		00E356F71AD99517003FC87E /* Release */ = {
			isa = XCBuildConfiguration;
			baseConfigurationReference = 89C6BE57DB24E9ADA2F236DE /* Pods-readyUmbrella-readyUmbrellaTests.release.xcconfig */;
			buildSettings = {
				BUNDLE_LOADER = "$(TEST_HOST)";
				COPY_PHASE_STRIP = NO;
				DEVELOPMENT_TEAM = XQ24HP64B3;
				INFOPLIST_FILE = readyUmbrellaTests/Info.plist;
				IPHONEOS_DEPLOYMENT_TARGET = 12.4;
				LD_RUNPATH_SEARCH_PATHS = (
					"$(inherited)",
					"@executable_path/Frameworks",
					"@loader_path/Frameworks",
				);
				OTHER_LDFLAGS = (
					"-ObjC",
					"-lc++",
					"$(inherited)",
				);
				PRODUCT_BUNDLE_IDENTIFIER = com.jagiya.readyUmbrella;
				PRODUCT_NAME = "$(TARGET_NAME)";
				TEST_HOST = "$(BUILT_PRODUCTS_DIR)/readyUmbrella.app/readyUmbrella";
			};
			name = Release;
		};
		13B07F941A680F5B00A75B9A /* Debug */ = {
			isa = XCBuildConfiguration;
			baseConfigurationReference = 3B4392A12AC88292D35C810B /* Pods-readyUmbrella.debug.xcconfig */;
			buildSettings = {
				ASSETCATALOG_COMPILER_APPICON_NAME = AppIcon;
				CLANG_ENABLE_MODULES = YES;
				CODE_SIGN_ENTITLEMENTS = readyUmbrella/readyUmbrella.entitlements;
				CODE_SIGN_IDENTITY = "Apple Development";
				"CODE_SIGN_IDENTITY[sdk=iphoneos*]" = "iPhone Developer";
				CODE_SIGN_STYLE = Manual;
				CURRENT_PROJECT_VERSION = 1;
				DEVELOPMENT_TEAM = "";
				"DEVELOPMENT_TEAM[sdk=iphoneos*]" = XQ24HP64B3;
				ENABLE_BITCODE = NO;
				INFOPLIST_FILE = readyUmbrella/Info.plist;
				INFOPLIST_KEY_CFBundleDisplayName = "레디우산";
				INFOPLIST_KEY_LSApplicationCategoryType = "public.app-category.weather";
				LD_RUNPATH_SEARCH_PATHS = (
					"$(inherited)",
					"@executable_path/Frameworks",
				);
				MARKETING_VERSION = 1.0;
				OTHER_LDFLAGS = (
					"$(inherited)",
					"-ObjC",
					"-lc++",
				);
				PRODUCT_BUNDLE_IDENTIFIER = com.jagiya.readyUmbrella;
				PRODUCT_NAME = readyUmbrella;
				PROVISIONING_PROFILE_SPECIFIER = "";
				"PROVISIONING_PROFILE_SPECIFIER[sdk=iphoneos*]" = readyUmbrella;
				SWIFT_OPTIMIZATION_LEVEL = "-Onone";
				SWIFT_VERSION = 5.0;
				VERSIONING_SYSTEM = "apple-generic";
			};
			name = Debug;
		};
		13B07F951A680F5B00A75B9A /* Release */ = {
			isa = XCBuildConfiguration;
			baseConfigurationReference = 5709B34CF0A7D63546082F79 /* Pods-readyUmbrella.release.xcconfig */;
			buildSettings = {
				ASSETCATALOG_COMPILER_APPICON_NAME = AppIcon;
				CLANG_ENABLE_MODULES = YES;
				CODE_SIGN_ENTITLEMENTS = readyUmbrella/readyUmbrella.entitlements;
				CODE_SIGN_IDENTITY = "Apple Development";
				CODE_SIGN_STYLE = Automatic;
				CURRENT_PROJECT_VERSION = 1;
				DEVELOPMENT_TEAM = XQ24HP64B3;
				INFOPLIST_FILE = readyUmbrella/Info.plist;
				INFOPLIST_KEY_CFBundleDisplayName = "레디우산";
				INFOPLIST_KEY_LSApplicationCategoryType = "public.app-category.weather";
				LD_RUNPATH_SEARCH_PATHS = (
					"$(inherited)",
					"@executable_path/Frameworks",
				);
				MARKETING_VERSION = 1.0;
				OTHER_LDFLAGS = (
					"$(inherited)",
					"-ObjC",
					"-lc++",
				);
				PRODUCT_BUNDLE_IDENTIFIER = com.jagiya.readyUmbrella;
				PRODUCT_NAME = readyUmbrella;
				PROVISIONING_PROFILE_SPECIFIER = "";
				SWIFT_VERSION = 5.0;
				VERSIONING_SYSTEM = "apple-generic";
			};
			name = Release;
		};
		83CBBA201A601CBA00E9B192 /* Debug */ = {
			isa = XCBuildConfiguration;
			buildSettings = {
				ALWAYS_SEARCH_USER_PATHS = NO;
				CLANG_ANALYZER_LOCALIZABILITY_NONLOCALIZED = YES;
				CLANG_CXX_LANGUAGE_STANDARD = "c++17";
				CLANG_CXX_LIBRARY = "libc++";
				CLANG_ENABLE_MODULES = YES;
				CLANG_ENABLE_OBJC_ARC = YES;
				CLANG_WARN_BLOCK_CAPTURE_AUTORELEASING = YES;
				CLANG_WARN_BOOL_CONVERSION = YES;
				CLANG_WARN_COMMA = YES;
				CLANG_WARN_CONSTANT_CONVERSION = YES;
				CLANG_WARN_DEPRECATED_OBJC_IMPLEMENTATIONS = YES;
				CLANG_WARN_DIRECT_OBJC_ISA_USAGE = YES_ERROR;
				CLANG_WARN_EMPTY_BODY = YES;
				CLANG_WARN_ENUM_CONVERSION = YES;
				CLANG_WARN_INFINITE_RECURSION = YES;
				CLANG_WARN_INT_CONVERSION = YES;
				CLANG_WARN_NON_LITERAL_NULL_CONVERSION = YES;
				CLANG_WARN_OBJC_IMPLICIT_RETAIN_SELF = YES;
				CLANG_WARN_OBJC_LITERAL_CONVERSION = YES;
				CLANG_WARN_OBJC_ROOT_CLASS = YES_ERROR;
				CLANG_WARN_QUOTED_INCLUDE_IN_FRAMEWORK_HEADER = YES;
				CLANG_WARN_RANGE_LOOP_ANALYSIS = YES;
				CLANG_WARN_STRICT_PROTOTYPES = YES;
				CLANG_WARN_SUSPICIOUS_MOVE = YES;
				CLANG_WARN_UNREACHABLE_CODE = YES;
				CLANG_WARN__DUPLICATE_METHOD_MATCH = YES;
				"CODE_SIGN_IDENTITY[sdk=iphoneos*]" = "iPhone Developer";
				COPY_PHASE_STRIP = NO;
				ENABLE_STRICT_OBJC_MSGSEND = YES;
				ENABLE_TESTABILITY = YES;
				"EXCLUDED_ARCHS[sdk=iphonesimulator*]" = i386;
				GCC_C_LANGUAGE_STANDARD = gnu99;
				GCC_DYNAMIC_NO_PIC = NO;
				GCC_NO_COMMON_BLOCKS = YES;
				GCC_OPTIMIZATION_LEVEL = 0;
				GCC_PREPROCESSOR_DEFINITIONS = (
					"DEBUG=1",
					"$(inherited)",
				);
				GCC_SYMBOLS_PRIVATE_EXTERN = NO;
				GCC_WARN_64_TO_32_BIT_CONVERSION = YES;
				GCC_WARN_ABOUT_RETURN_TYPE = YES_ERROR;
				GCC_WARN_UNDECLARED_SELECTOR = YES;
				GCC_WARN_UNINITIALIZED_AUTOS = YES_AGGRESSIVE;
				GCC_WARN_UNUSED_FUNCTION = YES;
				GCC_WARN_UNUSED_VARIABLE = YES;
				HEADER_SEARCH_PATHS = (
					"$(inherited)",
					"${PODS_CONFIGURATION_BUILD_DIR}/ReactCommon-Samples/ReactCommon_Samples.framework/Headers",
					"${PODS_CONFIGURATION_BUILD_DIR}/ReactCommon/ReactCommon.framework/Headers/react/nativemodule/core",
					"${PODS_CONFIGURATION_BUILD_DIR}/ReactCommon-Samples/ReactCommon_Samples.framework/Headers/platform/ios",
					"${PODS_CONFIGURATION_BUILD_DIR}/React-NativeModulesApple/React_NativeModulesApple.framework/Headers",
					"${PODS_CONFIGURATION_BUILD_DIR}/React-graphics/React_graphics.framework/Headers/react/renderer/graphics/platform/ios",
				);
				IPHONEOS_DEPLOYMENT_TARGET = 12.4;
				LD_RUNPATH_SEARCH_PATHS = (
					/usr/lib/swift,
					"$(inherited)",
				);
				LIBRARY_SEARCH_PATHS = (
					"\"$(SDKROOT)/usr/lib/swift\"",
					"\"$(TOOLCHAIN_DIR)/usr/lib/swift/$(PLATFORM_NAME)\"",
					"\"$(inherited)\"",
				);
				MTL_ENABLE_DEBUG_INFO = YES;
				ONLY_ACTIVE_ARCH = YES;
				OTHER_CFLAGS = (
					"$(inherited)",
					" ",
				);
				OTHER_CPLUSPLUSFLAGS = (
					"$(OTHER_CFLAGS)",
					"-DFOLLY_NO_CONFIG",
					"-DFOLLY_MOBILE=1",
					"-DFOLLY_USE_LIBCPP=1",
				);
				REACT_NATIVE_PATH = "${PODS_ROOT}/../../node_modules/react-native";
				SDKROOT = iphoneos;
			};
			name = Debug;
		};
		83CBBA211A601CBA00E9B192 /* Release */ = {
			isa = XCBuildConfiguration;
			buildSettings = {
				ALWAYS_SEARCH_USER_PATHS = NO;
				CLANG_ANALYZER_LOCALIZABILITY_NONLOCALIZED = YES;
				CLANG_CXX_LANGUAGE_STANDARD = "c++17";
				CLANG_CXX_LIBRARY = "libc++";
				CLANG_ENABLE_MODULES = YES;
				CLANG_ENABLE_OBJC_ARC = YES;
				CLANG_WARN_BLOCK_CAPTURE_AUTORELEASING = YES;
				CLANG_WARN_BOOL_CONVERSION = YES;
				CLANG_WARN_COMMA = YES;
				CLANG_WARN_CONSTANT_CONVERSION = YES;
				CLANG_WARN_DEPRECATED_OBJC_IMPLEMENTATIONS = YES;
				CLANG_WARN_DIRECT_OBJC_ISA_USAGE = YES_ERROR;
				CLANG_WARN_EMPTY_BODY = YES;
				CLANG_WARN_ENUM_CONVERSION = YES;
				CLANG_WARN_INFINITE_RECURSION = YES;
				CLANG_WARN_INT_CONVERSION = YES;
				CLANG_WARN_NON_LITERAL_NULL_CONVERSION = YES;
				CLANG_WARN_OBJC_IMPLICIT_RETAIN_SELF = YES;
				CLANG_WARN_OBJC_LITERAL_CONVERSION = YES;
				CLANG_WARN_OBJC_ROOT_CLASS = YES_ERROR;
				CLANG_WARN_QUOTED_INCLUDE_IN_FRAMEWORK_HEADER = YES;
				CLANG_WARN_RANGE_LOOP_ANALYSIS = YES;
				CLANG_WARN_STRICT_PROTOTYPES = YES;
				CLANG_WARN_SUSPICIOUS_MOVE = YES;
				CLANG_WARN_UNREACHABLE_CODE = YES;
				CLANG_WARN__DUPLICATE_METHOD_MATCH = YES;
				"CODE_SIGN_IDENTITY[sdk=iphoneos*]" = "iPhone Developer";
				COPY_PHASE_STRIP = YES;
				ENABLE_NS_ASSERTIONS = NO;
				ENABLE_STRICT_OBJC_MSGSEND = YES;
				"EXCLUDED_ARCHS[sdk=iphonesimulator*]" = i386;
				GCC_C_LANGUAGE_STANDARD = gnu99;
				GCC_NO_COMMON_BLOCKS = YES;
				GCC_WARN_64_TO_32_BIT_CONVERSION = YES;
				GCC_WARN_ABOUT_RETURN_TYPE = YES_ERROR;
				GCC_WARN_UNDECLARED_SELECTOR = YES;
				GCC_WARN_UNINITIALIZED_AUTOS = YES_AGGRESSIVE;
				GCC_WARN_UNUSED_FUNCTION = YES;
				GCC_WARN_UNUSED_VARIABLE = YES;
				HEADER_SEARCH_PATHS = (
					"$(inherited)",
					"${PODS_CONFIGURATION_BUILD_DIR}/ReactCommon-Samples/ReactCommon_Samples.framework/Headers",
					"${PODS_CONFIGURATION_BUILD_DIR}/ReactCommon/ReactCommon.framework/Headers/react/nativemodule/core",
					"${PODS_CONFIGURATION_BUILD_DIR}/ReactCommon-Samples/ReactCommon_Samples.framework/Headers/platform/ios",
					"${PODS_CONFIGURATION_BUILD_DIR}/React-NativeModulesApple/React_NativeModulesApple.framework/Headers",
					"${PODS_CONFIGURATION_BUILD_DIR}/React-graphics/React_graphics.framework/Headers/react/renderer/graphics/platform/ios",
				);
				IPHONEOS_DEPLOYMENT_TARGET = 12.4;
				LD_RUNPATH_SEARCH_PATHS = (
					/usr/lib/swift,
					"$(inherited)",
				);
				LIBRARY_SEARCH_PATHS = (
					"\"$(SDKROOT)/usr/lib/swift\"",
					"\"$(TOOLCHAIN_DIR)/usr/lib/swift/$(PLATFORM_NAME)\"",
					"\"$(inherited)\"",
				);
				MTL_ENABLE_DEBUG_INFO = NO;
				OTHER_CFLAGS = (
					"$(inherited)",
					" ",
				);
				OTHER_CPLUSPLUSFLAGS = (
					"$(OTHER_CFLAGS)",
					"-DFOLLY_NO_CONFIG",
					"-DFOLLY_MOBILE=1",
					"-DFOLLY_USE_LIBCPP=1",
				);
				REACT_NATIVE_PATH = "${PODS_ROOT}/../../node_modules/react-native";
				SDKROOT = iphoneos;
				VALIDATE_PRODUCT = YES;
			};
			name = Release;
		};
/* End XCBuildConfiguration section */

/* Begin XCConfigurationList section */
		00E357021AD99517003FC87E /* Build configuration list for PBXNativeTarget "readyUmbrellaTests" */ = {
			isa = XCConfigurationList;
			buildConfigurations = (
				00E356F61AD99517003FC87E /* Debug */,
				00E356F71AD99517003FC87E /* Release */,
			);
			defaultConfigurationIsVisible = 0;
			defaultConfigurationName = Release;
		};
		13B07F931A680F5B00A75B9A /* Build configuration list for PBXNativeTarget "readyUmbrella" */ = {
			isa = XCConfigurationList;
			buildConfigurations = (
				13B07F941A680F5B00A75B9A /* Debug */,
				13B07F951A680F5B00A75B9A /* Release */,
			);
			defaultConfigurationIsVisible = 0;
			defaultConfigurationName = Release;
		};
		83CBB9FA1A601CBA00E9B192 /* Build configuration list for PBXProject "readyUmbrella" */ = {
			isa = XCConfigurationList;
			buildConfigurations = (
				83CBBA201A601CBA00E9B192 /* Debug */,
				83CBBA211A601CBA00E9B192 /* Release */,
			);
			defaultConfigurationIsVisible = 0;
			defaultConfigurationName = Release;
		};
/* End XCConfigurationList section */
	};
	rootObject = 83CBB9F71A601CBA00E9B192 /* Project object */;
}
